<?xml version="1.0" encoding="UTF-8" standalone="yes" ?>
<CodeBlocks_project_file>
	<FileVersion major="1" minor="6" />
	<Project>
		<Option title="frozensearch" />
		<Option pch_mode="2" />
		<Option compiler="gcc" />
		<Build>
			<Target title="Debug">
				<Option output="bin/Debug/frozensearch" prefix_auto="1" extension_auto="1" />
				<Option object_output="obj/Debug/" />
				<Option type="1" />
				<Option compiler="gcc" />
				<Compiler>
					<Add option="-g" />
				</Compiler>
			</Target>
			<Target title="Release">
				<Option output="bin/Release/frozensearch" prefix_auto="1" extension_auto="1" />
				<Option object_output="obj/Release/" />
				<Option type="1" />
				<Option compiler="gcc" />
				<Compiler>
					<Add option="-O2" />
				</Compiler>
				<Linker>
					<Add option="-s" />
				</Linker>
			</Target>
		</Build>
		<Compiler>
			<Add option="-Wall" />
		</Compiler>
		<Unit filename="AUTHORS.rst" />
		<Unit filename="CHANGELOG.rst" />
		<Unit filename="LICENSE" />
		<Unit filename="Makefile" />
		<Unit filename="README.rst" />
		<Unit filename="babel.cfg" />
		<Unit filename="base.cfg" />
		<Unit filename="bootstrap.py" />
		<Unit filename="buildout.cfg" />
		<Unit filename="examples/basic_engine.py" />
		<Unit filename="minimal.cfg" />
		<Unit filename="production.cfg" />
		<Unit filename="requirements.txt" />
		<Unit filename="searx/__init__.py" />
		<Unit filename="searx/autocomplete.py" />
		<Unit filename="searx/engines/500px.py" />
		<Unit filename="searx/engines/__init__.py" />
		<Unit filename="searx/engines/bing.py" />
		<Unit filename="searx/engines/bing_images.py" />
		<Unit filename="searx/engines/bing_news.py" />
		<Unit filename="searx/engines/currency_convert.py" />
		<Unit filename="searx/engines/dailymotion.py" />
		<Unit filename="searx/engines/deviantart.py" />
		<Unit filename="searx/engines/duckduckgo.py" />
		<Unit filename="searx/engines/duckduckgo_definitions.py" />
		<Unit filename="searx/engines/dummy.py" />
		<Unit filename="searx/engines/faroo.py" />
		<Unit filename="searx/engines/filecrop.py" />
		<Unit filename="searx/engines/flickr-noapi.py" />
		<Unit filename="searx/engines/flickr.py" />
		<Unit filename="searx/engines/generalfile.py" />
		<Unit filename="searx/engines/github.py" />
		<Unit filename="searx/engines/google.py" />
		<Unit filename="searx/engines/google_images.py" />
		<Unit filename="searx/engines/google_news.py" />
		<Unit filename="searx/engines/json_engine.py" />
		<Unit filename="searx/engines/kickass.py" />
		<Unit filename="searx/engines/mediawiki.py" />
		<Unit filename="searx/engines/openstreetmap.py" />
		<Unit filename="searx/engines/photon.py" />
		<Unit filename="searx/engines/piratebay.py" />
		<Unit filename="searx/engines/searchcode_code.py" />
		<Unit filename="searx/engines/searchcode_doc.py" />
		<Unit filename="searx/engines/soundcloud.py" />
		<Unit filename="searx/engines/stackoverflow.py" />
		<Unit filename="searx/engines/startpage.py" />
		<Unit filename="searx/engines/subtitleseeker.py" />
		<Unit filename="searx/engines/twitter.py" />
		<Unit filename="searx/engines/vimeo.py" />
		<Unit filename="searx/engines/wikidata.py" />
		<Unit filename="searx/engines/xpath.py" />
		<Unit filename="searx/engines/yacy.py" />
		<Unit filename="searx/engines/yahoo.py" />
		<Unit filename="searx/engines/yahoo_news.py" />
		<Unit filename="searx/engines/youtube.py" />
		<Unit filename="searx/https_rewrite.py" />
		<Unit filename="searx/https_rules/00README" />
		<Unit filename="searx/https_rules/Bing.xml" />
		<Unit filename="searx/https_rules/Dailymotion.xml" />
		<Unit filename="searx/https_rules/Deviantart.xml" />
		<Unit filename="searx/https_rules/DuckDuckGo.xml" />
		<Unit filename="searx/https_rules/Flickr.xml" />
		<Unit filename="searx/https_rules/Github-Pages.xml" />
		<Unit filename="searx/https_rules/Github.xml" />
		<Unit filename="searx/https_rules/Google-mismatches.xml" />
		<Unit filename="searx/https_rules/Google.org.xml" />
		<Unit filename="searx/https_rules/GoogleAPIs.xml" />
		<Unit filename="searx/https_rules/GoogleCanada.xml" />
		<Unit filename="searx/https_rules/GoogleImages.xml" />
		<Unit filename="searx/https_rules/GoogleMainSearch.xml" />
		<Unit filename="searx/https_rules/GoogleMaps.xml" />
		<Unit filename="searx/https_rules/GoogleMelange.xml" />
		<Unit filename="searx/https_rules/GoogleSearch.xml" />
		<Unit filename="searx/https_rules/GoogleServices.xml" />
		<Unit filename="searx/https_rules/GoogleShopping.xml" />
		<Unit filename="searx/https_rules/GoogleSorry.xml" />
		<Unit filename="searx/https_rules/GoogleTranslate.xml" />
		<Unit filename="searx/https_rules/GoogleVideos.xml" />
		<Unit filename="searx/https_rules/GoogleWatchBlog.xml" />
		<Unit filename="searx/https_rules/Google_App_Engine.xml" />
		<Unit filename="searx/https_rules/Googleplex.com.xml" />
		<Unit filename="searx/https_rules/OpenStreetMap.xml" />
		<Unit filename="searx/https_rules/Rawgithub.com.xml" />
		<Unit filename="searx/https_rules/Soundcloud.xml" />
		<Unit filename="searx/https_rules/ThePirateBay.xml" />
		<Unit filename="searx/https_rules/Torproject.xml" />
		<Unit filename="searx/https_rules/Twitter.xml" />
		<Unit filename="searx/https_rules/Vimeo.xml" />
		<Unit filename="searx/https_rules/WikiLeaks.xml" />
		<Unit filename="searx/https_rules/Wikimedia.xml" />
		<Unit filename="searx/https_rules/Yahoo.xml" />
		<Unit filename="searx/https_rules/YouTube.xml" />
		<Unit filename="searx/languages.py" />
		<Unit filename="searx/query.py" />
		<Unit filename="searx/search.py" />
		<Unit filename="searx/settings.yml" />
		<Unit filename="searx/settings_robot.yml" />
		<Unit filename="searx/static/courgette/css/style.css" />
		<Unit filename="searx/static/courgette/img/bg-body-index.jpg" />
		<Unit filename="searx/static/courgette/img/favicon.png" />
		<Unit filename="searx/static/courgette/img/github_ribbon.png" />
		<Unit filename="searx/static/courgette/img/icon_dailymotion.ico" />
		<Unit filename="searx/static/courgette/img/icon_deviantart.ico" />
		<Unit filename="searx/static/courgette/img/icon_github.ico" />
		<Unit filename="searx/static/courgette/img/icon_kickass.ico" />
		<Unit filename="searx/static/courgette/img/icon_soundcloud.ico" />
		<Unit filename="searx/static/courgette/img/icon_stackoverflow.ico" />
		<Unit filename="searx/static/courgette/img/icon_twitter.ico" />
		<Unit filename="searx/static/courgette/img/icon_vimeo.ico" />
		<Unit filename="searx/static/courgette/img/icon_wikipedia.ico" />
		<Unit filename="searx/static/courgette/img/icon_youtube.ico" />
		<Unit filename="searx/static/courgette/img/preference-icon.png" />
		<Unit filename="searx/static/courgette/img/search-icon.png" />
		<Unit filename="searx/static/courgette/img/searx-mobile.png" />
		<Unit filename="searx/static/courgette/img/searx.png" />
		<Unit filename="searx/static/courgette/img/searx_logo.svg" />
		<Unit filename="searx/static/courgette/js/mootools-autocompleter-1.1.2-min.js" />
		<Unit filename="searx/static/courgette/js/mootools-core-1.4.5-min.js" />
		<Unit filename="searx/static/courgette/js/searx.js" />
		<Unit filename="searx/static/default/css/style.css" />
		<Unit filename="searx/static/default/img/favicon.png" />
		<Unit filename="searx/static/default/img/github_ribbon.png" />
		<Unit filename="searx/static/default/img/icon_dailymotion.ico" />
		<Unit filename="searx/static/default/img/icon_deviantart.ico" />
		<Unit filename="searx/static/default/img/icon_github.ico" />
		<Unit filename="searx/static/default/img/icon_kickass.ico" />
		<Unit filename="searx/static/default/img/icon_soundcloud.ico" />
		<Unit filename="searx/static/default/img/icon_stackoverflow.ico" />
		<Unit filename="searx/static/default/img/icon_twitter.ico" />
		<Unit filename="searx/static/default/img/icon_vimeo.ico" />
		<Unit filename="searx/static/default/img/icon_wikipedia.ico" />
		<Unit filename="searx/static/default/img/icon_youtube.ico" />
		<Unit filename="searx/static/default/img/preference-icon.png" />
		<Unit filename="searx/static/default/img/search-icon.png" />
		<Unit filename="searx/static/default/img/searx.png" />
		<Unit filename="searx/static/default/img/searx_logo.svg" />
		<Unit filename="searx/static/default/js/mootools-autocompleter-1.1.2-min.js" />
		<Unit filename="searx/static/default/js/mootools-core-1.4.5-min.js" />
		<Unit filename="searx/static/default/js/searx.js" />
		<Unit filename="searx/static/default/less/autocompleter.less" />
		<Unit filename="searx/static/default/less/definitions.less" />
		<Unit filename="searx/static/default/less/mixins.less" />
		<Unit filename="searx/static/default/less/search.less" />
		<Unit filename="searx/static/default/less/style.less" />
		<Unit filename="searx/static/oscar/README.rst " />
		<Unit filename="searx/static/oscar/css/bootstrap.min.css" />
		<Unit filename="searx/static/oscar/css/leaflet.min.css" />
		<Unit filename="searx/static/oscar/css/oscar.min.css" />
		<Unit filename="searx/static/oscar/fonts/glyphicons-halflings-regular.eot" />
		<Unit filename="searx/static/oscar/fonts/glyphicons-halflings-regular.svg" />
		<Unit filename="searx/static/oscar/fonts/glyphicons-halflings-regular.ttf" />
		<Unit filename="searx/static/oscar/fonts/glyphicons-halflings-regular.woff" />
		<Unit filename="searx/static/oscar/gruntfile.js" />
		<Unit filename="searx/static/oscar/img/favicon.png" />
		<Unit filename="searx/static/oscar/img/icons/README.md" />
		<Unit filename="searx/static/oscar/img/icons/amazon.png" />
		<Unit filename="searx/static/oscar/img/icons/dailymotion.png" />
		<Unit filename="searx/static/oscar/img/icons/deviantart.png" />
		<Unit filename="searx/static/oscar/img/icons/facebook.png" />
		<Unit filename="searx/static/oscar/img/icons/flickr.png" />
		<Unit filename="searx/static/oscar/img/icons/github.png" />
		<Unit filename="searx/static/oscar/img/icons/kickass.png" />
		<Unit filename="searx/static/oscar/img/icons/soundcloud.png" />
		<Unit filename="searx/static/oscar/img/icons/stackoverflow.png" />
		<Unit filename="searx/static/oscar/img/icons/twitter.png" />
		<Unit filename="searx/static/oscar/img/icons/vimeo.png" />
		<Unit filename="searx/static/oscar/img/icons/wikipedia.png" />
		<Unit filename="searx/static/oscar/img/icons/youtube.png" />
		<Unit filename="searx/static/oscar/img/loader.gif" />
		<Unit filename="searx/static/oscar/img/map/layers-2x.png" />
		<Unit filename="searx/static/oscar/img/map/layers.png" />
		<Unit filename="searx/static/oscar/img/map/marker-icon-2x.png" />
		<Unit filename="searx/static/oscar/img/map/marker-icon.png" />
		<Unit filename="searx/static/oscar/img/map/marker-shadow.png" />
		<Unit filename="searx/static/oscar/img/searx_logo.png" />
		<Unit filename="searx/static/oscar/js/bootstrap.min.js" />
		<Unit filename="searx/static/oscar/js/html5shiv.min.js" />
		<Unit filename="searx/static/oscar/js/jquery-1.11.1.min.js" />
		<Unit filename="searx/static/oscar/js/leaflet-0.7.3.min.js" />
		<Unit filename="searx/static/oscar/js/require-2.1.15.min.js" />
		<Unit filename="searx/static/oscar/js/respond.min.js" />
		<Unit filename="searx/static/oscar/js/searx.min.js" />
		<Unit filename="searx/static/oscar/js/searx_src/00_requirejs_config.js" />
		<Unit filename="searx/static/oscar/js/searx_src/autocompleter.js" />
		<Unit filename="searx/static/oscar/js/searx_src/element_modifiers.js" />
		<Unit filename="searx/static/oscar/js/searx_src/leaflet_map.js" />
		<Unit filename="searx/static/oscar/js/typeahead.bundle.min.js" />
		<Unit filename="searx/static/oscar/less/bootstrap/alerts.less" />
		<Unit filename="searx/static/oscar/less/bootstrap/badges.less" />
		<Unit filename="searx/static/oscar/less/bootstrap/bootstrap.less" />
		<Unit filename="searx/static/oscar/less/bootstrap/breadcrumbs.less" />
		<Unit filename="searx/static/oscar/less/bootstrap/button-groups.less" />
		<Unit filename="searx/static/oscar/less/bootstrap/buttons.less" />
		<Unit filename="searx/static/oscar/less/bootstrap/carousel.less" />
		<Unit filename="searx/static/oscar/less/bootstrap/close.less" />
		<Unit filename="searx/static/oscar/less/bootstrap/code.less" />
		<Unit filename="searx/static/oscar/less/bootstrap/component-animations.less" />
		<Unit filename="searx/static/oscar/less/bootstrap/dropdowns.less" />
		<Unit filename="searx/static/oscar/less/bootstrap/forms.less" />
		<Unit filename="searx/static/oscar/less/bootstrap/glyphicons.less" />
		<Unit filename="searx/static/oscar/less/bootstrap/grid.less" />
		<Unit filename="searx/static/oscar/less/bootstrap/input-groups.less" />
		<Unit filename="searx/static/oscar/less/bootstrap/jumbotron.less" />
		<Unit filename="searx/static/oscar/less/bootstrap/labels.less" />
		<Unit filename="searx/static/oscar/less/bootstrap/list-group.less" />
		<Unit filename="searx/static/oscar/less/bootstrap/media.less" />
		<Unit filename="searx/static/oscar/less/bootstrap/mixins.less" />
		<Unit filename="searx/static/oscar/less/bootstrap/mixins/alerts.less" />
		<Unit filename="searx/static/oscar/less/bootstrap/mixins/background-variant.less" />
		<Unit filename="searx/static/oscar/less/bootstrap/mixins/border-radius.less" />
		<Unit filename="searx/static/oscar/less/bootstrap/mixins/buttons.less" />
		<Unit filename="searx/static/oscar/less/bootstrap/mixins/center-block.less" />
		<Unit filename="searx/static/oscar/less/bootstrap/mixins/clearfix.less" />
		<Unit filename="searx/static/oscar/less/bootstrap/mixins/forms.less" />
		<Unit filename="searx/static/oscar/less/bootstrap/mixins/gradients.less" />
		<Unit filename="searx/static/oscar/less/bootstrap/mixins/grid-framework.less" />
		<Unit filename="searx/static/oscar/less/bootstrap/mixins/grid.less" />
		<Unit filename="searx/static/oscar/less/bootstrap/mixins/hide-text.less" />
		<Unit filename="searx/static/oscar/less/bootstrap/mixins/image.less" />
		<Unit filename="searx/static/oscar/less/bootstrap/mixins/labels.less" />
		<Unit filename="searx/static/oscar/less/bootstrap/mixins/list-group.less" />
		<Unit filename="searx/static/oscar/less/bootstrap/mixins/nav-divider.less" />
		<Unit filename="searx/static/oscar/less/bootstrap/mixins/nav-vertical-align.less" />
		<Unit filename="searx/static/oscar/less/bootstrap/mixins/opacity.less" />
		<Unit filename="searx/static/oscar/less/bootstrap/mixins/pagination.less" />
		<Unit filename="searx/static/oscar/less/bootstrap/mixins/panels.less" />
		<Unit filename="searx/static/oscar/less/bootstrap/mixins/progress-bar.less" />
		<Unit filename="searx/static/oscar/less/bootstrap/mixins/reset-filter.less" />
		<Unit filename="searx/static/oscar/less/bootstrap/mixins/resize.less" />
		<Unit filename="searx/static/oscar/less/bootstrap/mixins/responsive-visibility.less" />
		<Unit filename="searx/static/oscar/less/bootstrap/mixins/size.less" />
		<Unit filename="searx/static/oscar/less/bootstrap/mixins/tab-focus.less" />
		<Unit filename="searx/static/oscar/less/bootstrap/mixins/table-row.less" />
		<Unit filename="searx/static/oscar/less/bootstrap/mixins/text-emphasis.less" />
		<Unit filename="searx/static/oscar/less/bootstrap/mixins/text-overflow.less" />
		<Unit filename="searx/static/oscar/less/bootstrap/mixins/vendor-prefixes.less" />
		<Unit filename="searx/static/oscar/less/bootstrap/modals.less" />
		<Unit filename="searx/static/oscar/less/bootstrap/navbar.less" />
		<Unit filename="searx/static/oscar/less/bootstrap/navs.less" />
		<Unit filename="searx/static/oscar/less/bootstrap/normalize.less" />
		<Unit filename="searx/static/oscar/less/bootstrap/pager.less" />
		<Unit filename="searx/static/oscar/less/bootstrap/pagination.less" />
		<Unit filename="searx/static/oscar/less/bootstrap/panels.less" />
		<Unit filename="searx/static/oscar/less/bootstrap/popovers.less" />
		<Unit filename="searx/static/oscar/less/bootstrap/print.less" />
		<Unit filename="searx/static/oscar/less/bootstrap/progress-bars.less" />
		<Unit filename="searx/static/oscar/less/bootstrap/responsive-embed.less" />
		<Unit filename="searx/static/oscar/less/bootstrap/responsive-utilities.less" />
		<Unit filename="searx/static/oscar/less/bootstrap/scaffolding.less" />
		<Unit filename="searx/static/oscar/less/bootstrap/tables.less" />
		<Unit filename="searx/static/oscar/less/bootstrap/theme.less" />
		<Unit filename="searx/static/oscar/less/bootstrap/thumbnails.less" />
		<Unit filename="searx/static/oscar/less/bootstrap/tooltip.less" />
		<Unit filename="searx/static/oscar/less/bootstrap/type.less" />
		<Unit filename="searx/static/oscar/less/bootstrap/typeahead.less" />
		<Unit filename="searx/static/oscar/less/bootstrap/utilities.less" />
		<Unit filename="searx/static/oscar/less/bootstrap/variables.less" />
		<Unit filename="searx/static/oscar/less/bootstrap/wells.less" />
		<Unit filename="searx/static/oscar/less/oscar/checkbox.less" />
		<Unit filename="searx/static/oscar/less/oscar/cursor.less" />
		<Unit filename="searx/static/oscar/less/oscar/footer.less" />
		<Unit filename="searx/static/oscar/less/oscar/infobox.less" />
		<Unit filename="searx/static/oscar/less/oscar/oscar.less" />
		<Unit filename="searx/static/oscar/less/oscar/results.less" />
		<Unit filename="searx/static/oscar/less/oscar/search.less" />
		<Unit filename="searx/static/oscar/package.json" />
		<Unit filename="searx/templates/courgette/about.html" />
		<Unit filename="searx/templates/courgette/base.html" />
		<Unit filename="searx/templates/courgette/categories.html" />
		<Unit filename="searx/templates/courgette/github_ribbon.html" />
		<Unit filename="searx/templates/courgette/index.html" />
		<Unit filename="searx/templates/courgette/opensearch.xml" />
		<Unit filename="searx/templates/courgette/opensearch_response_rss.xml" />
		<Unit filename="searx/templates/courgette/preferences.html" />
		<Unit filename="searx/templates/courgette/result_templates/default.html" />
		<Unit filename="searx/templates/courgette/result_templates/images.html" />
		<Unit filename="searx/templates/courgette/result_templates/map.html" />
		<Unit filename="searx/templates/courgette/result_templates/torrent.html" />
		<Unit filename="searx/templates/courgette/result_templates/videos.html" />
		<Unit filename="searx/templates/courgette/results.html" />
		<Unit filename="searx/templates/courgette/search.html" />
		<Unit filename="searx/templates/courgette/stats.html" />
		<Unit filename="searx/templates/default/about.html" />
		<Unit filename="searx/templates/default/base.html" />
		<Unit filename="searx/templates/default/categories.html" />
		<Unit filename="searx/templates/default/github_ribbon.html" />
		<Unit filename="searx/templates/default/index.html" />
		<Unit filename="searx/templates/default/infobox.html" />
		<Unit filename="searx/templates/default/opensearch.xml" />
		<Unit filename="searx/templates/default/opensearch_response_rss.xml" />
		<Unit filename="searx/templates/default/preferences.html" />
		<Unit filename="searx/templates/default/result_templates/default.html" />
		<Unit filename="searx/templates/default/result_templates/images.html" />
		<Unit filename="searx/templates/default/result_templates/map.html" />
		<Unit filename="searx/templates/default/result_templates/torrent.html" />
		<Unit filename="searx/templates/default/result_templates/videos.html" />
		<Unit filename="searx/templates/default/results.html" />
		<Unit filename="searx/templates/default/search.html" />
		<Unit filename="searx/templates/default/stats.html" />
		<Unit filename="searx/templates/oscar/about.html" />
		<Unit filename="searx/templates/oscar/base.html" />
		<Unit filename="searx/templates/oscar/categories.html" />
		<Unit filename="searx/templates/oscar/index.html" />
		<Unit filename="searx/templates/oscar/infobox.html" />
		<Unit filename="searx/templates/oscar/macros.html" />
		<Unit filename="searx/templates/oscar/messages/first_time.html" />
		<Unit filename="searx/templates/oscar/messages/js_disabled.html" />
		<Unit filename="searx/templates/oscar/messages/no_data_available.html" />
		<Unit filename="searx/templates/oscar/messages/no_results.html" />
		<Unit filename="searx/templates/oscar/messages/save_settings_successfull.html" />
		<Unit filename="searx/templates/oscar/messages/unknow_error.html" />
		<Unit filename="searx/templates/oscar/navbar.html" />
		<Unit filename="searx/templates/oscar/opensearch.xml" />
		<Unit filename="searx/templates/oscar/opensearch_response_rss.xml" />
		<Unit filename="searx/templates/oscar/preferences.html" />
		<Unit filename="searx/templates/oscar/result_templates/default.html" />
		<Unit filename="searx/templates/oscar/result_templates/images.html" />
		<Unit filename="searx/templates/oscar/result_templates/map.html" />
		<Unit filename="searx/templates/oscar/result_templates/torrent.html" />
		<Unit filename="searx/templates/oscar/result_templates/videos.html" />
		<Unit filename="searx/templates/oscar/results.html" />
		<Unit filename="searx/templates/oscar/search.html" />
		<Unit filename="searx/templates/oscar/search_full.html" />
		<Unit filename="searx/templates/oscar/stats.html" />
		<Unit filename="searx/testing.py" />
		<Unit filename="searx/tests/__init__.py" />
		<Unit filename="searx/tests/engines/__init__.py" />
		<Unit filename="searx/tests/engines/test_dummy.py" />
		<Unit filename="searx/tests/engines/test_github.py" />
		<Unit filename="searx/tests/robot/__init__.py" />
		<Unit filename="searx/tests/robot/test_basic.robot" />
		<Unit filename="searx/tests/test_engines.py" />
		<Unit filename="searx/tests/test_robot.py" />
		<Unit filename="searx/tests/test_utils.py" />
		<Unit filename="searx/tests/test_webapp.py" />
		<Unit filename="searx/translations/de/LC_MESSAGES/messages.mo" />
		<Unit filename="searx/translations/de/LC_MESSAGES/messages.po" />
		<Unit filename="searx/translations/en/LC_MESSAGES/messages.mo" />
		<Unit filename="searx/translations/en/LC_MESSAGES/messages.po" />
		<Unit filename="searx/translations/es/LC_MESSAGES/messages.mo" />
		<Unit filename="searx/translations/es/LC_MESSAGES/messages.po" />
		<Unit filename="searx/translations/fr/LC_MESSAGES/messages.mo" />
		<Unit filename="searx/translations/fr/LC_MESSAGES/messages.po" />
		<Unit filename="searx/translations/hu/LC_MESSAGES/messages.mo" />
		<Unit filename="searx/translations/hu/LC_MESSAGES/messages.po" />
		<Unit filename="searx/translations/it/LC_MESSAGES/messages.mo" />
		<Unit filename="searx/translations/it/LC_MESSAGES/messages.po" />
		<Unit filename="searx/translations/ja/LC_MESSAGES/messages.mo" />
		<Unit filename="searx/translations/ja/LC_MESSAGES/messages.po" />
		<Unit filename="searx/translations/nl/LC_MESSAGES/messages.mo" />
		<Unit filename="searx/translations/nl/LC_MESSAGES/messages.po" />
		<Unit filename="searx/utils.py" />
		<Unit filename="searx/version.py" />
		<Unit filename="searx/webapp.py" />
		<Unit filename="setup.py" />
		<Unit filename="utils/standalone_search.py" />
		<Unit filename="utils/update-translations.sh" />
		<Unit filename="versions.cfg" />
		<Extensions>
			<code_completion />
			<debugger />
		</Extensions>
	</Project>
</CodeBlocks_project_file>
